
Microsoft Visual Studio Solution File, Format Version 12.00
# Visual Studio 14
VisualStudioVersion = 14.0.25420.1
MinimumVisualStudioVersion = 10.0.40219.1
Project("{2150E333-8FDC-42A3-9474-1A3956D46DE8}") = "src", "src", "{64B79F9F-8DE8-41C5-82B1-5D05AD38CFFD}"
EndProject
Project("{2150E333-8FDC-42A3-9474-1A3956D46DE8}") = "Solution Items", "Solution Items", "{2D900869-633A-49C0-B4BD-BF633196441A}"
	ProjectSection(SolutionItems) = preProject
		artifacts\blue-steel.png = artifacts\blue-steel.png
		LICENSE = LICENSE
		README.md = README.md
		artifacts\superBlueSteel.png = artifacts\superBlueSteel.png
	EndProjectSection
EndProject
Project("{8BB2217D-0F2D-49D1-97BC-3654ED321F3B}") = "ActuatorCore", "BlueSteel\src\ActuatorCore\ActuatorCore.xproj", "{0AC9FABA-21FD-4677-AC93-8F7B1C0296FD}"
EndProject
Project("{8BB2217D-0F2D-49D1-97BC-3654ED321F3B}") = "Host", "BlueSteel\src\Host\Host.xproj", "{726FF857-09B9-4E7E-BE89-AFB82C634F41}"
EndProject
Global
	GlobalSection(SolutionConfigurationPlatforms) = preSolution
		Debug|Any CPU = Debug|Any CPU
		Release|Any CPU = Release|Any CPU
	EndGlobalSection
	GlobalSection(ProjectConfigurationPlatforms) = postSolution
		{0AC9FABA-21FD-4677-AC93-8F7B1C0296FD}.Debug|Any CPU.ActiveCfg = Debug|Any CPU
		{0AC9FABA-21FD-4677-AC93-8F7B1C0296FD}.Debug|Any CPU.Build.0 = Debug|Any CPU
		{0AC9FABA-21FD-4677-AC93-8F7B1C0296FD}.Release|Any CPU.ActiveCfg = Release|Any CPU
		{0AC9FABA-21FD-4677-AC93-8F7B1C0296FD}.Release|Any CPU.Build.0 = Release|Any CPU
		{726FF857-09B9-4E7E-BE89-AFB82C634F41}.Debug|Any CPU.ActiveCfg = Debug|Any CPU
		{726FF857-09B9-4E7E-BE89-AFB82C634F41}.Debug|Any CPU.Build.0 = Debug|Any CPU
		{726FF857-09B9-4E7E-BE89-AFB82C634F41}.Release|Any CPU.ActiveCfg = Release|Any CPU
		{726FF857-09B9-4E7E-BE89-AFB82C634F41}.Release|Any CPU.Build.0 = Release|Any CPU
	EndGlobalSection
	GlobalSection(SolutionProperties) = preSolution
		HideSolutionNode = FALSE
	EndGlobalSection
	GlobalSection(NestedProjects) = preSolution
		{0AC9FABA-21FD-4677-AC93-8F7B1C0296FD} = {64B79F9F-8DE8-41C5-82B1-5D05AD38CFFD}
		{726FF857-09B9-4E7E-BE89-AFB82C634F41} = {64B79F9F-8DE8-41C5-82B1-5D05AD38CFFD}
	EndGlobalSection
EndGlobal
